
Microsoft Visual Studio Solution File, Format Version 12.00
# Visual Studio Version 17
VisualStudioVersion = 17.9.34616.47
MinimumVisualStudioVersion = 10.0.40219.1
Project("{FAE04EC0-301F-11D3-BF4B-00C04F79EFBC}") = "GitPracticeApp", "GitPracticeApp.csproj", "{BA561906-B7FA-44F0-AC0E-AB7ED2B97AA4}"
EndProject
Global
	GlobalSection(SolutionConfigurationPlatforms) = preSolution
		Debug|Any CPU = Debug|Any CPU
		Release|Any CPU = Release|Any CPU
	EndGlobalSection
	GlobalSection(ProjectConfigurationPlatforms) = postSolution
		{BA561906-B7FA-44F0-AC0E-AB7ED2B97AA4}.Debug|Any CPU.ActiveCfg = Debug|Any CPU
		{BA561906-B7FA-44F0-AC0E-AB7ED2B97AA4}.Debug|Any CPU.Build.0 = Debug|Any CPU
		{BA561906-B7FA-44F0-AC0E-AB7ED2B97AA4}.Release|Any CPU.ActiveCfg = Release|Any CPU
		{BA561906-B7FA-44F0-AC0E-AB7ED2B97AA4}.Release|Any CPU.Build.0 = Release|Any CPU
	EndGlobalSection
	GlobalSection(SolutionProperties) = preSolution
		HideSolutionNode = FALSE
	EndGlobalSection
	GlobalSection(ExtensibilityGlobals) = postSolution
		SolutionGuid = {4B943097-894B-4DFB-AE29-7BC5DBCBA2A4}
	EndGlobalSection
EndGlobal
